
Microsoft Visual Studio Solution File, Format Version 12.00
# Visual Studio Version 16
VisualStudioVersion = 16.0.28922.388
MinimumVisualStudioVersion = 10.0.40219.1
Project("{FAE04EC0-301F-11D3-BF4B-00C04F79EFBC}") = "MovingCatTobiAdebayo", "MovingCatTobiAdebayo\MovingCatTobiAdebayo.csproj", "{658D6139-C716-4091-AA57-CB694D5A655D}"
EndProject
Global
	GlobalSection(SolutionConfigurationPlatforms) = preSolution
		Debug|Any CPU = Debug|Any CPU
		Release|Any CPU = Release|Any CPU
	EndGlobalSection
	GlobalSection(ProjectConfigurationPlatforms) = postSolution
		{658D6139-C716-4091-AA57-CB694D5A655D}.Debug|Any CPU.ActiveCfg = Debug|Any CPU
		{658D6139-C716-4091-AA57-CB694D5A655D}.Debug|Any CPU.Build.0 = Debug|Any CPU
		{658D6139-C716-4091-AA57-CB694D5A655D}.Release|Any CPU.ActiveCfg = Release|Any CPU
		{658D6139-C716-4091-AA57-CB694D5A655D}.Release|Any CPU.Build.0 = Release|Any CPU
	EndGlobalSection
	GlobalSection(SolutionProperties) = preSolution
		HideSolutionNode = FALSE
	EndGlobalSection
	GlobalSection(ExtensibilityGlobals) = postSolution
		SolutionGuid = {969BF0A9-7220-440D-8F01-9FA9BA536DC8}
	EndGlobalSection
EndGlobal
